
Microsoft Visual Studio Solution File, Format Version 10.00
# Visual Studio 2008
Project("{8BC9CEB8-8B4A-11D0-8D11-00A0C91BC942}") = "CrackUrl", "CrackUrl.vcproj", "{DD80AB96-073C-4BF6-A141-E764B71E85A1}"
EndProject
Global
	GlobalSection(SolutionConfigurationPlatforms) = preSolution
		Debug|Win32 = Debug|Win32
		Release|Win32 = Release|Win32
	EndGlobalSection
	GlobalSection(ProjectConfigurationPlatforms) = postSolution
		{DD80AB96-073C-4BF6-A141-E764B71E85A1}.Debug|Win32.ActiveCfg = Debug|Win32
		{DD80AB96-073C-4BF6-A141-E764B71E85A1}.Debug|Win32.Build.0 = Debug|Win32
		{DD80AB96-073C-4BF6-A141-E764B71E85A1}.Release|Win32.ActiveCfg = Release|Win32
		{DD80AB96-073C-4BF6-A141-E764B71E85A1}.Release|Win32.Build.0 = Release|Win32
	EndGlobalSection
	GlobalSection(SolutionProperties) = preSolution
		HideSolutionNode = FALSE
	EndGlobalSection
EndGlobal
