
Microsoft Visual Studio Solution File, Format Version 10.00
# Visual Studio 2008
Project("{8BC9CEB8-8B4A-11D0-8D11-00A0C91BC942}") = "FindWindow", "FindWindow\FindWindow.vcproj", "{B9D6D4BB-972A-42DC-BCA4-36BA5A4837FD}"
EndProject
Global
	GlobalSection(SolutionConfigurationPlatforms) = preSolution
		Debug|Win32 = Debug|Win32
		Release|Win32 = Release|Win32
	EndGlobalSection
	GlobalSection(ProjectConfigurationPlatforms) = postSolution
		{B9D6D4BB-972A-42DC-BCA4-36BA5A4837FD}.Debug|Win32.ActiveCfg = Debug|Win32
		{B9D6D4BB-972A-42DC-BCA4-36BA5A4837FD}.Debug|Win32.Build.0 = Debug|Win32
		{B9D6D4BB-972A-42DC-BCA4-36BA5A4837FD}.Release|Win32.ActiveCfg = Release|Win32
		{B9D6D4BB-972A-42DC-BCA4-36BA5A4837FD}.Release|Win32.Build.0 = Release|Win32
	EndGlobalSection
	GlobalSection(SolutionProperties) = preSolution
		HideSolutionNode = FALSE
	EndGlobalSection
EndGlobal
